
Microsoft Visual Studio Solution File, Format Version 12.00
# Visual Studio Version 17
VisualStudioVersion = 17.7.34202.233
MinimumVisualStudioVersion = 10.0.40219.1
Project("{FAE04EC0-301F-11D3-BF4B-00C04F79EFBC}") = "RootsOfQuadraticEquations", "RootsOfQuadraticEquations.csproj", "{17134A0A-CE75-4131-AE7C-F224255575F8}"
EndProject
Global
	GlobalSection(SolutionConfigurationPlatforms) = preSolution
		Debug|Any CPU = Debug|Any CPU
		Release|Any CPU = Release|Any CPU
	EndGlobalSection
	GlobalSection(ProjectConfigurationPlatforms) = postSolution
		{17134A0A-CE75-4131-AE7C-F224255575F8}.Debug|Any CPU.ActiveCfg = Debug|Any CPU
		{17134A0A-CE75-4131-AE7C-F224255575F8}.Debug|Any CPU.Build.0 = Debug|Any CPU
		{17134A0A-CE75-4131-AE7C-F224255575F8}.Release|Any CPU.ActiveCfg = Release|Any CPU
		{17134A0A-CE75-4131-AE7C-F224255575F8}.Release|Any CPU.Build.0 = Release|Any CPU
	EndGlobalSection
	GlobalSection(SolutionProperties) = preSolution
		HideSolutionNode = FALSE
	EndGlobalSection
	GlobalSection(ExtensibilityGlobals) = postSolution
		SolutionGuid = {3EDC1B07-DF7E-42A0-9548-4E147F1CF790}
	EndGlobalSection
EndGlobal
